
Microsoft Visual Studio Solution File, Format Version 11.00
# Visual Studio 2010
Project("{FAE04EC0-301F-11D3-BF4B-00C04F79EFBC}") = "T2208", "T2208\T2208.csproj", "{DA9576A9-72E5-4323-B944-219AF075386B}"
EndProject
Global
	GlobalSection(SolutionConfigurationPlatforms) = preSolution
		Debug|Any CPU = Debug|Any CPU
		Release|Any CPU = Release|Any CPU
	EndGlobalSection
	GlobalSection(ProjectConfigurationPlatforms) = postSolution
		{DA9576A9-72E5-4323-B944-219AF075386B}.Debug|Any CPU.ActiveCfg = Debug|Any CPU
		{DA9576A9-72E5-4323-B944-219AF075386B}.Debug|Any CPU.Build.0 = Debug|Any CPU
		{DA9576A9-72E5-4323-B944-219AF075386B}.Release|Any CPU.ActiveCfg = Release|Any CPU
		{DA9576A9-72E5-4323-B944-219AF075386B}.Release|Any CPU.Build.0 = Release|Any CPU
	EndGlobalSection
	GlobalSection(SolutionProperties) = preSolution
		HideSolutionNode = FALSE
	EndGlobalSection
EndGlobal
